
Microsoft Visual Studio Solution File, Format Version 12.00
# Visual Studio Version 16
VisualStudioVersion = 16.0.30804.86
MinimumVisualStudioVersion = 10.0.40219.1
Project("{FAE04EC0-301F-11D3-BF4B-00C04F79EFBC}") = "Revolution", "Revolution\Revolution.csproj", "{CA83D2F5-6B22-4924-B85B-E6DDA67A9E52}"
EndProject
Global
	GlobalSection(SolutionConfigurationPlatforms) = preSolution
		Debug|Any CPU = Debug|Any CPU
		Release|Any CPU = Release|Any CPU
	EndGlobalSection
	GlobalSection(ProjectConfigurationPlatforms) = postSolution
		{CA83D2F5-6B22-4924-B85B-E6DDA67A9E52}.Debug|Any CPU.ActiveCfg = Debug|Any CPU
		{CA83D2F5-6B22-4924-B85B-E6DDA67A9E52}.Debug|Any CPU.Build.0 = Debug|Any CPU
		{CA83D2F5-6B22-4924-B85B-E6DDA67A9E52}.Release|Any CPU.ActiveCfg = Release|Any CPU
		{CA83D2F5-6B22-4924-B85B-E6DDA67A9E52}.Release|Any CPU.Build.0 = Release|Any CPU
	EndGlobalSection
	GlobalSection(SolutionProperties) = preSolution
		HideSolutionNode = FALSE
	EndGlobalSection
	GlobalSection(ExtensibilityGlobals) = postSolution
		SolutionGuid = {6EA6504B-C2CF-406F-8355-92C92D96D8D9}
	EndGlobalSection
EndGlobal
